
Microsoft Visual Studio Solution File, Format Version 12.00
# Visual Studio Version 17
VisualStudioVersion = 17.2.32630.192
MinimumVisualStudioVersion = 10.0.40219.1
Project("{2150E333-8FDC-42A3-9474-1A3956D46DE8}") = "Proto", "Proto", "{F5EB1607-EFFF-4EB6-AAB8-538EBD6F4CDB}"
	ProjectSection(SolutionItems) = preProject
		Dummy.proto = Dummy.proto
	EndProjectSection
EndProject
Project("{FAE04EC0-301F-11D3-BF4B-00C04F79EFBC}") = "gRPC.Clinet", "gRPC.Clinet\gRPC.Clinet.csproj", "{AD257D8C-93CA-4F30-AC41-71A663E40188}"
EndProject
Project("{FAE04EC0-301F-11D3-BF4B-00C04F79EFBC}") = "gRPC.Server", "gRPC.Server\gRPC.Server.csproj", "{FF23686F-0D01-4561-B8B1-10F705A9CB1C}"
EndProject
Global
	GlobalSection(SolutionConfigurationPlatforms) = preSolution
		Debug|Any CPU = Debug|Any CPU
		Release|Any CPU = Release|Any CPU
	EndGlobalSection
	GlobalSection(ProjectConfigurationPlatforms) = postSolution
		{AD257D8C-93CA-4F30-AC41-71A663E40188}.Debug|Any CPU.ActiveCfg = Debug|Any CPU
		{AD257D8C-93CA-4F30-AC41-71A663E40188}.Debug|Any CPU.Build.0 = Debug|Any CPU
		{AD257D8C-93CA-4F30-AC41-71A663E40188}.Release|Any CPU.ActiveCfg = Release|Any CPU
		{AD257D8C-93CA-4F30-AC41-71A663E40188}.Release|Any CPU.Build.0 = Release|Any CPU
		{FF23686F-0D01-4561-B8B1-10F705A9CB1C}.Debug|Any CPU.ActiveCfg = Debug|Any CPU
		{FF23686F-0D01-4561-B8B1-10F705A9CB1C}.Debug|Any CPU.Build.0 = Debug|Any CPU
		{FF23686F-0D01-4561-B8B1-10F705A9CB1C}.Release|Any CPU.ActiveCfg = Release|Any CPU
		{FF23686F-0D01-4561-B8B1-10F705A9CB1C}.Release|Any CPU.Build.0 = Release|Any CPU
	EndGlobalSection
	GlobalSection(SolutionProperties) = preSolution
		HideSolutionNode = FALSE
	EndGlobalSection
	GlobalSection(ExtensibilityGlobals) = postSolution
		SolutionGuid = {2C96D3D6-A83D-4A40-81B8-639DD8672955}
	EndGlobalSection
EndGlobal
